// !$*UTF8*$!
{
	archiveVersion = 1;
	classes = {
	};
	objectVersion = 50;
	objects = {

/* Begin PBXBuildFile section */
		BB7CA67A22CC83A800FA735C /* AppDelegate.swift in Sources */ = {isa = PBXBuildFile; fileRef = BB7CA67922CC83A800FA735C /* AppDelegate.swift */; };
		BB7CA67C22CC83A800FA735C /* ViewController.swift in Sources */ = {isa = PBXBuildFile; fileRef = BB7CA67B22CC83A800FA735C /* ViewController.swift */; };
		BB7CA67F22CC83A800FA735C /* Main.storyboard in Resources */ = {isa = PBXBuildFile; fileRef = BB7CA67D22CC83A800FA735C /* Main.storyboard */; };
		BB7CA68122CC83AB00FA735C /* Assets.xcassets in Resources */ = {isa = PBXBuildFile; fileRef = BB7CA68022CC83AB00FA735C /* Assets.xcassets */; };
		BB7CA68422CC83AB00FA735C /* LaunchScreen.storyboard in Resources */ = {isa = PBXBuildFile; fileRef = BB7CA68222CC83AB00FA735C /* LaunchScreen.storyboard */; };
		BB7CA68E22CC878400FA735C /* WebViewController.swift in Sources */ = {isa = PBXBuildFile; fileRef = BB7CA68D22CC878400FA735C /* WebViewController.swift */; };
		BBE033FC22D3337C0055D286 /* MyUrlManager.swift in Sources */ = {isa = PBXBuildFile; fileRef = BBE033FB22D3337C0055D286 /* MyUrlManager.swift */; };
		BBE0340222D440170055D286 /* SimplePing.m in Sources */ = {isa = PBXBuildFile; fileRef = BBE0340022D440170055D286 /* SimplePing.m */; };
		BBE0340322D440170055D286 /* XFPingTester.m in Sources */ = {isa = PBXBuildFile; fileRef = BBE0340122D440170055D286 /* XFPingTester.m */; };
		FF2E2DF68ED5518A093B0524 /* Pods_JYWebViewDebug.framework in Frameworks */ = {isa = PBXBuildFile; fileRef = D6F718E8D03F64CEA8B6B9C8 /* Pods_JYWebViewDebug.framework */; };
/* End PBXBuildFile section */

/* Begin PBXFileReference section */
		BB7CA67622CC83A800FA735C /* JYWebViewDebug.app */ = {isa = PBXFileReference; explicitFileType = wrapper.application; includeInIndex = 0; path = JYWebViewDebug.app; sourceTree = BUILT_PRODUCTS_DIR; };
		BB7CA67922CC83A800FA735C /* AppDelegate.swift */ = {isa = PBXFileReference; lastKnownFileType = sourcecode.swift; path = AppDelegate.swift; sourceTree = "<group>"; };
		BB7CA67B22CC83A800FA735C /* ViewController.swift */ = {isa = PBXFileReference; lastKnownFileType = sourcecode.swift; path = ViewController.swift; sourceTree = "<group>"; };
		BB7CA67E22CC83A800FA735C /* Base */ = {isa = PBXFileReference; lastKnownFileType = file.storyboard; name = Base; path = Base.lproj/Main.storyboard; sourceTree = "<group>"; };
		BB7CA68022CC83AB00FA735C /* Assets.xcassets */ = {isa = PBXFileReference; lastKnownFileType = folder.assetcatalog; path = Assets.xcassets; sourceTree = "<group>"; };
		BB7CA68322CC83AB00FA735C /* Base */ = {isa = PBXFileReference; lastKnownFileType = file.storyboard; name = Base; path = Base.lproj/LaunchScreen.storyboard; sourceTree = "<group>"; };
		BB7CA68522CC83AB00FA735C /* Info.plist */ = {isa = PBXFileReference; lastKnownFileType = text.plist.xml; path = Info.plist; sourceTree = "<group>"; };
		BB7CA68D22CC878400FA735C /* WebViewController.swift */ = {isa = PBXFileReference; lastKnownFileType = sourcecode.swift; path = WebViewController.swift; sourceTree = "<group>"; };
		BBE033FB22D3337C0055D286 /* MyUrlManager.swift */ = {isa = PBXFileReference; lastKnownFileType = sourcecode.swift; path = MyUrlManager.swift; sourceTree = "<group>"; };
		BBE033FE22D440170055D286 /* SimplePing.h */ = {isa = PBXFileReference; fileEncoding = 4; lastKnownFileType = sourcecode.c.h; path = SimplePing.h; sourceTree = "<group>"; };
		BBE033FF22D440170055D286 /* XFPingTester.h */ = {isa = PBXFileReference; fileEncoding = 4; lastKnownFileType = sourcecode.c.h; path = XFPingTester.h; sourceTree = "<group>"; };
		BBE0340022D440170055D286 /* SimplePing.m */ = {isa = PBXFileReference; fileEncoding = 4; lastKnownFileType = sourcecode.c.objc; path = SimplePing.m; sourceTree = "<group>"; };
		BBE0340122D440170055D286 /* XFPingTester.m */ = {isa = PBXFileReference; fileEncoding = 4; lastKnownFileType = sourcecode.c.objc; path = XFPingTester.m; sourceTree = "<group>"; };
		BBE0340722D4415A0055D286 /* JYWebViewDebug-Bridging-Header.h */ = {isa = PBXFileReference; lastKnownFileType = sourcecode.c.h; path = "JYWebViewDebug-Bridging-Header.h"; sourceTree = "<group>"; };
		C17E2BD42064209C5B5CAABD /* Pods-JYWebViewDebug.release.xcconfig */ = {isa = PBXFileReference; includeInIndex = 1; lastKnownFileType = text.xcconfig; name = "Pods-JYWebViewDebug.release.xcconfig"; path = "Pods/Target Support Files/Pods-JYWebViewDebug/Pods-JYWebViewDebug.release.xcconfig"; sourceTree = "<group>"; };
		D6F718E8D03F64CEA8B6B9C8 /* Pods_JYWebViewDebug.framework */ = {isa = PBXFileReference; explicitFileType = wrapper.framework; includeInIndex = 0; path = Pods_JYWebViewDebug.framework; sourceTree = BUILT_PRODUCTS_DIR; };
		F401236747DD306E324A1722 /* Pods-JYWebViewDebug.debug.xcconfig */ = {isa = PBXFileReference; includeInIndex = 1; lastKnownFileType = text.xcconfig; name = "Pods-JYWebViewDebug.debug.xcconfig"; path = "Pods/Target Support Files/Pods-JYWebViewDebug/Pods-JYWebViewDebug.debug.xcconfig"; sourceTree = "<group>"; };
/* End PBXFileReference section */

/* Begin PBXFrameworksBuildPhase section */
		BB7CA67322CC83A800FA735C /* Frameworks */ = {
			isa = PBXFrameworksBuildPhase;
			buildActionMask = 2147483647;
			files = (
				FF2E2DF68ED5518A093B0524 /* Pods_JYWebViewDebug.framework in Frameworks */,
			);
			runOnlyForDeploymentPostprocessing = 0;
		};
/* End PBXFrameworksBuildPhase section */

/* Begin PBXGroup section */
		3F343D3CF18C0CFE9848EC82 /* Frameworks */ = {
			isa = PBXGroup;
			children = (
				D6F718E8D03F64CEA8B6B9C8 /* Pods_JYWebViewDebug.framework */,
			);
			name = Frameworks;
			sourceTree = "<group>";
		};
		BB7CA66D22CC83A800FA735C = {
			isa = PBXGroup;
			children = (
				BB7CA67822CC83A800FA735C /* JYWebViewDebug */,
				BB7CA67722CC83A800FA735C /* Products */,
				E12114007B3229E288F1A3C6 /* Pods */,
				3F343D3CF18C0CFE9848EC82 /* Frameworks */,
			);
			sourceTree = "<group>";
		};
		BB7CA67722CC83A800FA735C /* Products */ = {
			isa = PBXGroup;
			children = (
				BB7CA67622CC83A800FA735C /* JYWebViewDebug.app */,
			);
			name = Products;
			sourceTree = "<group>";
		};
		BB7CA67822CC83A800FA735C /* JYWebViewDebug */ = {
			isa = PBXGroup;
			children = (
				BBE033FD22D440170055D286 /* PingTool */,
				BB7CA67922CC83A800FA735C /* AppDelegate.swift */,
				BB7CA67B22CC83A800FA735C /* ViewController.swift */,
				BB7CA68D22CC878400FA735C /* WebViewController.swift */,
				BBE033FB22D3337C0055D286 /* MyUrlManager.swift */,
				BBE0340722D4415A0055D286 /* JYWebViewDebug-Bridging-Header.h */,
				BB7CA67D22CC83A800FA735C /* Main.storyboard */,
				BB7CA68022CC83AB00FA735C /* Assets.xcassets */,
				BB7CA68222CC83AB00FA735C /* LaunchScreen.storyboard */,
				BB7CA68522CC83AB00FA735C /* Info.plist */,
			);
			path = JYWebViewDebug;
			sourceTree = "<group>";
		};
		BBE033FD22D440170055D286 /* PingTool */ = {
			isa = PBXGroup;
			children = (
				BBE033FE22D440170055D286 /* SimplePing.h */,
				BBE0340022D440170055D286 /* SimplePing.m */,
				BBE033FF22D440170055D286 /* XFPingTester.h */,
				BBE0340122D440170055D286 /* XFPingTester.m */,
			);
			path = PingTool;
			sourceTree = "<group>";
		};
		E12114007B3229E288F1A3C6 /* Pods */ = {
			isa = PBXGroup;
			children = (
				F401236747DD306E324A1722 /* Pods-JYWebViewDebug.debug.xcconfig */,
				C17E2BD42064209C5B5CAABD /* Pods-JYWebViewDebug.release.xcconfig */,
			);
			name = Pods;
			sourceTree = "<group>";
		};
/* End PBXGroup section */

/* Begin PBXNativeTarget section */
		BB7CA67522CC83A800FA735C /* JYWebViewDebug */ = {
			isa = PBXNativeTarget;
			buildConfigurationList = BB7CA68822CC83AB00FA735C /* Build configuration list for PBXNativeTarget "JYWebViewDebug" */;
			buildPhases = (
				D00A87373565230EF96D24B8 /* [CP] Check Pods Manifest.lock */,
				BB7CA67222CC83A800FA735C /* Sources */,
				BB7CA67322CC83A800FA735C /* Frameworks */,
				BB7CA67422CC83A800FA735C /* Resources */,
				F7CA5F9C169929E153FCD0D4 /* [CP] Embed Pods Frameworks */,
			);
			buildRules = (
			);
			dependencies = (
			);
			name = JYWebViewDebug;
			productName = JYWebViewDebug;
			productReference = BB7CA67622CC83A800FA735C /* JYWebViewDebug.app */;
			productType = "com.apple.product-type.application";
		};
/* End PBXNativeTarget section */

/* Begin PBXProject section */
		BB7CA66E22CC83A800FA735C /* Project object */ = {
			isa = PBXProject;
			attributes = {
				LastSwiftUpdateCheck = 1020;
				LastUpgradeCheck = 1020;
				ORGANIZATIONNAME = Bennie;
				TargetAttributes = {
					BB7CA67522CC83A800FA735C = {
						CreatedOnToolsVersion = 10.2.1;
					};
				};
			};
			buildConfigurationList = BB7CA67122CC83A800FA735C /* Build configuration list for PBXProject "JYWebViewDebug" */;
			compatibilityVersion = "Xcode 9.3";
			developmentRegion = en;
			hasScannedForEncodings = 0;
			knownRegions = (
				en,
				Base,
			);
			mainGroup = BB7CA66D22CC83A800FA735C;
			productRefGroup = BB7CA67722CC83A800FA735C /* Products */;
			projectDirPath = "";
			projectRoot = "";
			targets = (
				BB7CA67522CC83A800FA735C /* JYWebViewDebug */,
			);
		};
/* End PBXProject section */

/* Begin PBXResourcesBuildPhase section */
		BB7CA67422CC83A800FA735C /* Resources */ = {
			isa = PBXResourcesBuildPhase;
			buildActionMask = 2147483647;
			files = (
				BB7CA68422CC83AB00FA735C /* LaunchScreen.storyboard in Resources */,
				BB7CA68122CC83AB00FA735C /* Assets.xcassets in Resources */,
				BB7CA67F22CC83A800FA735C /* Main.storyboard in Resources */,
			);
			runOnlyForDeploymentPostprocessing = 0;
		};
/* End PBXResourcesBuildPhase section */

/* Begin PBXShellScriptBuildPhase section */
		D00A87373565230EF96D24B8 /* [CP] Check Pods Manifest.lock */ = {
			isa = PBXShellScriptBuildPhase;
			buildActionMask = 2147483647;
			files = (
			);
			inputFileListPaths = (
			);
			inputPaths = (
				"${PODS_PODFILE_DIR_PATH}/Podfile.lock",
				"${PODS_ROOT}/Manifest.lock",
			);
			name = "[CP] Check Pods Manifest.lock";
			outputFileListPaths = (
			);
			outputPaths = (
				"$(DERIVED_FILE_DIR)/Pods-JYWebViewDebug-checkManifestLockResult.txt",
			);
			runOnlyForDeploymentPostprocessing = 0;
			shellPath = /bin/sh;
			shellScript = "diff \"${PODS_PODFILE_DIR_PATH}/Podfile.lock\" \"${PODS_ROOT}/Manifest.lock\" > /dev/null\nif [ $? != 0 ] ; then\n    # print error to STDERR\n    echo \"error: The sandbox is not in sync with the Podfile.lock. Run 'pod install' or update your CocoaPods installation.\" >&2\n    exit 1\nfi\n# This output is used by Xcode 'outputs' to avoid re-running this script phase.\necho \"SUCCESS\" > \"${SCRIPT_OUTPUT_FILE_0}\"\n";
			showEnvVarsInLog = 0;
		};
		F7CA5F9C169929E153FCD0D4 /* [CP] Embed Pods Frameworks */ = {
			isa = PBXShellScriptBuildPhase;
			buildActionMask = 2147483647;
			files = (
			);
			inputFileListPaths = (
			);
			inputPaths = (
				"${SRCROOT}/Pods/Target Support Files/Pods-JYWebViewDebug/Pods-JYWebViewDebug-frameworks.sh",
				"${BUILT_PRODUCTS_DIR}/SnapKit/SnapKit.framework",
			);
			name = "[CP] Embed Pods Frameworks";
			outputFileListPaths = (
			);
			outputPaths = (
				"${TARGET_BUILD_DIR}/${FRAMEWORKS_FOLDER_PATH}/SnapKit.framework",
			);
			runOnlyForDeploymentPostprocessing = 0;
			shellPath = /bin/sh;
			shellScript = "\"${SRCROOT}/Pods/Target Support Files/Pods-JYWebViewDebug/Pods-JYWebViewDebug-frameworks.sh\"\n";
			showEnvVarsInLog = 0;
		};
/* End PBXShellScriptBuildPhase section */

/* Begin PBXSourcesBuildPhase section */
		BB7CA67222CC83A800FA735C /* Sources */ = {
			isa = PBXSourcesBuildPhase;
			buildActionMask = 2147483647;
			files = (
				BBE0340322D440170055D286 /* XFPingTester.m in Sources */,
				BB7CA67C22CC83A800FA735C /* ViewController.swift in Sources */,
				BBE033FC22D3337C0055D286 /* MyUrlManager.swift in Sources */,
				BB7CA68E22CC878400FA735C /* WebViewController.swift in Sources */,
				BBE0340222D440170055D286 /* SimplePing.m in Sources */,
				BB7CA67A22CC83A800FA735C /* AppDelegate.swift in Sources */,
			);
			runOnlyForDeploymentPostprocessing = 0;
		};
/* End PBXSourcesBuildPhase section */

/* Begin PBXVariantGroup section */
		BB7CA67D22CC83A800FA735C /* Main.storyboard */ = {
			isa = PBXVariantGroup;
			children = (
				BB7CA67E22CC83A800FA735C /* Base */,
			);
			name = Main.storyboard;
			sourceTree = "<group>";
		};
		BB7CA68222CC83AB00FA735C /* LaunchScreen.storyboard */ = {
			isa = PBXVariantGroup;
			children = (
				BB7CA68322CC83AB00FA735C /* Base */,
			);
			name = LaunchScreen.storyboard;
			sourceTree = "<group>";
		};
/* End PBXVariantGroup section */

/* Begin XCBuildConfiguration section */
		BB7CA68622CC83AB00FA735C /* Debug */ = {
			isa = XCBuildConfiguration;
			buildSettings = {
				ALWAYS_SEARCH_USER_PATHS = NO;
				CLANG_ANALYZER_NONNULL = YES;
				CLANG_ANALYZER_NUMBER_OBJECT_CONVERSION = YES_AGGRESSIVE;
				CLANG_CXX_LANGUAGE_STANDARD = "gnu++14";
				CLANG_CXX_LIBRARY = "libc++";
				CLANG_ENABLE_MODULES = YES;
				CLANG_ENABLE_OBJC_ARC = YES;
				CLANG_ENABLE_OBJC_WEAK = YES;
				CLANG_WARN_BLOCK_CAPTURE_AUTORELEASING = YES;
				CLANG_WARN_BOOL_CONVERSION = YES;
				CLANG_WARN_COMMA = YES;
				CLANG_WARN_CONSTANT_CONVERSION = YES;
				CLANG_WARN_DEPRECATED_OBJC_IMPLEMENTATIONS = YES;
				CLANG_WARN_DIRECT_OBJC_ISA_USAGE = YES_ERROR;
				CLANG_WARN_DOCUMENTATION_COMMENTS = YES;
				CLANG_WARN_EMPTY_BODY = YES;
				CLANG_WARN_ENUM_CONVERSION = YES;
				CLANG_WARN_INFINITE_RECURSION = YES;
				CLANG_WARN_INT_CONVERSION = YES;
				CLANG_WARN_NON_LITERAL_NULL_CONVERSION = YES;
				CLANG_WARN_OBJC_IMPLICIT_RETAIN_SELF = YES;
				CLANG_WARN_OBJC_LITERAL_CONVERSION = YES;
				CLANG_WARN_OBJC_ROOT_CLASS = YES_ERROR;
				CLANG_WARN_RANGE_LOOP_ANALYSIS = YES;
				CLANG_WARN_STRICT_PROTOTYPES = YES;
				CLANG_WARN_SUSPICIOUS_MOVE = YES;
				CLANG_WARN_UNGUARDED_AVAILABILITY = YES_AGGRESSIVE;
				CLANG_WARN_UNREACHABLE_CODE = YES;
				CLANG_WARN__DUPLICATE_METHOD_MATCH = YES;
				CODE_SIGN_IDENTITY = "iPhone Developer";
				COPY_PHASE_STRIP = NO;
				DEBUG_INFORMATION_FORMAT = dwarf;
				ENABLE_STRICT_OBJC_MSGSEND = YES;
				ENABLE_TESTABILITY = YES;
				GCC_C_LANGUAGE_STANDARD = gnu11;
				GCC_DYNAMIC_NO_PIC = NO;
				GCC_NO_COMMON_BLOCKS = YES;
				GCC_OPTIMIZATION_LEVEL = 0;
				GCC_PREPROCESSOR_DEFINITIONS = (
					"DEBUG=1",
					"$(inherited)",
				);
				GCC_WARN_64_TO_32_BIT_CONVERSION = YES;
				GCC_WARN_ABOUT_RETURN_TYPE = YES_ERROR;
				GCC_WARN_UNDECLARED_SELECTOR = YES;
				GCC_WARN_UNINITIALIZED_AUTOS = YES_AGGRESSIVE;
				GCC_WARN_UNUSED_FUNCTION = YES;
				GCC_WARN_UNUSED_VARIABLE = YES;
				IPHONEOS_DEPLOYMENT_TARGET = 12.2;
				MTL_ENABLE_DEBUG_INFO = INCLUDE_SOURCE;
				MTL_FAST_MATH = YES;
				ONLY_ACTIVE_ARCH = YES;
				SDKROOT = iphoneos;
				SWIFT_ACTIVE_COMPILATION_CONDITIONS = DEBUG;
				SWIFT_OPTIMIZATION_LEVEL = "-Onone";
			};
			name = Debug;
		};
		BB7CA68722CC83AB00FA735C /* Release */ = {
			isa = XCBuildConfiguration;
			buildSettings = {
				ALWAYS_SEARCH_USER_PATHS = NO;
				CLANG_ANALYZER_NONNULL = YES;
				CLANG_ANALYZER_NUMBER_OBJECT_CONVERSION = YES_AGGRESSIVE;
				CLANG_CXX_LANGUAGE_STANDARD = "gnu++14";
				CLANG_CXX_LIBRARY = "libc++";
				CLANG_ENABLE_MODULES = YES;
				CLANG_ENABLE_OBJC_ARC = YES;
				CLANG_ENABLE_OBJC_WEAK = YES;
				CLANG_WARN_BLOCK_CAPTURE_AUTORELEASING = YES;
				CLANG_WARN_BOOL_CONVERSION = YES;
				CLANG_WARN_COMMA = YES;
				CLANG_WARN_CONSTANT_CONVERSION = YES;
				CLANG_WARN_DEPRECATED_OBJC_IMPLEMENTATIONS = YES;
				CLANG_WARN_DIRECT_OBJC_ISA_USAGE = YES_ERROR;
				CLANG_WARN_DOCUMENTATION_COMMENTS = YES;
				CLANG_WARN_EMPTY_BODY = YES;
				CLANG_WARN_ENUM_CONVERSION = YES;
				CLANG_WARN_INFINITE_RECURSION = YES;
				CLANG_WARN_INT_CONVERSION = YES;
				CLANG_WARN_NON_LITERAL_NULL_CONVERSION = YES;
				CLANG_WARN_OBJC_IMPLICIT_RETAIN_SELF = YES;
				CLANG_WARN_OBJC_LITERAL_CONVERSION = YES;
				CLANG_WARN_OBJC_ROOT_CLASS = YES_ERROR;
				CLANG_WARN_RANGE_LOOP_ANALYSIS = YES;
				CLANG_WARN_STRICT_PROTOTYPES = YES;
				CLANG_WARN_SUSPICIOUS_MOVE = YES;
				CLANG_WARN_UNGUARDED_AVAILABILITY = YES_AGGRESSIVE;
				CLANG_WARN_UNREACHABLE_CODE = YES;
				CLANG_WARN__DUPLICATE_METHOD_MATCH = YES;
				CODE_SIGN_IDENTITY = "iPhone Developer";
				COPY_PHASE_STRIP = NO;
				DEBUG_INFORMATION_FORMAT = "dwarf-with-dsym";
				ENABLE_NS_ASSERTIONS = NO;
				ENABLE_STRICT_OBJC_MSGSEND = YES;
				GCC_C_LANGUAGE_STANDARD = gnu11;
				GCC_NO_COMMON_BLOCKS = YES;
				GCC_WARN_64_TO_32_BIT_CONVERSION = YES;
				GCC_WARN_ABOUT_RETURN_TYPE = YES_ERROR;
				GCC_WARN_UNDECLARED_SELECTOR = YES;
				GCC_WARN_UNINITIALIZED_AUTOS = YES_AGGRESSIVE;
				GCC_WARN_UNUSED_FUNCTION = YES;
				GCC_WARN_UNUSED_VARIABLE = YES;
				IPHONEOS_DEPLOYMENT_TARGET = 12.2;
				MTL_ENABLE_DEBUG_INFO = NO;
				MTL_FAST_MATH = YES;
				SDKROOT = iphoneos;
				SWIFT_COMPILATION_MODE = wholemodule;
				SWIFT_OPTIMIZATION_LEVEL = "-O";
				VALIDATE_PRODUCT = YES;
			};
			name = Release;
		};
		BB7CA68922CC83AB00FA735C /* Debug */ = {
			isa = XCBuildConfiguration;
			baseConfigurationReference = F401236747DD306E324A1722 /* Pods-JYWebViewDebug.debug.xcconfig */;
			buildSettings = {
				ASSETCATALOG_COMPILER_APPICON_NAME = AppIcon;
				CODE_SIGN_STYLE = Automatic;
				DEVELOPMENT_TEAM = 54JV57CX88;
				INFOPLIST_FILE = JYWebViewDebug/Info.plist;
				IPHONEOS_DEPLOYMENT_TARGET = 10.0;
				LD_RUNPATH_SEARCH_PATHS = (
					"$(inherited)",
					"@executable_path/Frameworks",
				);
				PRODUCT_BUNDLE_IDENTIFIER = com.9jiuying.lib.JYWebViewDebug;
				PRODUCT_NAME = "$(TARGET_NAME)";
				SWIFT_OBJC_BRIDGING_HEADER = "$SRCROOT/JYWebViewDebug/JYWebViewDebug-Bridging-Header.h";
				SWIFT_VERSION = 5.0;
				TARGETED_DEVICE_FAMILY = "1,2";
			};
			name = Debug;
		};
		BB7CA68A22CC83AB00FA735C /* Release */ = {
			isa = XCBuildConfiguration;
			baseConfigurationReference = C17E2BD42064209C5B5CAABD /* Pods-JYWebViewDebug.release.xcconfig */;
			buildSettings = {
				ASSETCATALOG_COMPILER_APPICON_NAME = AppIcon;
				CODE_SIGN_STYLE = Automatic;
				DEVELOPMENT_TEAM = 54JV57CX88;
				INFOPLIST_FILE = JYWebViewDebug/Info.plist;
				IPHONEOS_DEPLOYMENT_TARGET = 10.0;
				LD_RUNPATH_SEARCH_PATHS = (
					"$(inherited)",
					"@executable_path/Frameworks",
				);
				PRODUCT_BUNDLE_IDENTIFIER = com.9jiuying.lib.JYWebViewDebug;
				PRODUCT_NAME = "$(TARGET_NAME)";
				SWIFT_OBJC_BRIDGING_HEADER = "$SRCROOT/JYWebViewDebug/JYWebViewDebug-Bridging-Header.h";
				SWIFT_VERSION = 5.0;
				TARGETED_DEVICE_FAMILY = "1,2";
			};
			name = Release;
		};
/* End XCBuildConfiguration section */

/* Begin XCConfigurationList section */
		BB7CA67122CC83A800FA735C /* Build configuration list for PBXProject "JYWebViewDebug" */ = {
			isa = XCConfigurationList;
			buildConfigurations = (
				BB7CA68622CC83AB00FA735C /* Debug */,
				BB7CA68722CC83AB00FA735C /* Release */,
			);
			defaultConfigurationIsVisible = 0;
			defaultConfigurationName = Release;
		};
		BB7CA68822CC83AB00FA735C /* Build configuration list for PBXNativeTarget "JYWebViewDebug" */ = {
			isa = XCConfigurationList;
			buildConfigurations = (
				BB7CA68922CC83AB00FA735C /* Debug */,
				BB7CA68A22CC83AB00FA735C /* Release */,
			);
			defaultConfigurationIsVisible = 0;
			defaultConfigurationName = Release;
		};
/* End XCConfigurationList section */
	};
	rootObject = BB7CA66E22CC83A800FA735C /* Project object */;
}
